
Microsoft Visual Studio Solution File, Format Version 12.00
# Visual Studio 15
VisualStudioVersion = 15.0.27004.2009
MinimumVisualStudioVersion = 10.0.40219.1
Project("{2150E333-8FDC-42A3-9474-1A3956D46DE8}") = "Leo.Core", "Leo.Core", "{441D1526-0EE5-4014-8898-C92EE5B85CC7}"
EndProject
Project("{A07B5EB6-E848-4116-A8D0-A826331D98C6}") = "Leo", "Leo\Leo.sfproj", "{3B1C294E-6A9F-4018-97CC-1999AB2ABBEF}"
EndProject
Project("{FAE04EC0-301F-11D3-BF4B-00C04F79EFBC}") = "Leo.Api", "Leo.Api\Leo.Api.csproj", "{F407D914-7C9D-40C8-9800-3AB2A27AA0CA}"
EndProject
Project("{FAE04EC0-301F-11D3-BF4B-00C04F79EFBC}") = "Leo.Actors", "Leo.Actors\Leo.Actors.csproj", "{9F08D58A-FEB2-44E9-9FBF-8AD02B06FE5A}"
EndProject
Project("{FAE04EC0-301F-11D3-BF4B-00C04F79EFBC}") = "Leo.Core.Api", "Leo.Core\Leo.Core.Api\Leo.Core.Api.csproj", "{5FC19B31-C84C-4279-9A06-7AD0E5E76CC6}"
EndProject
Project("{FAE04EC0-301F-11D3-BF4B-00C04F79EFBC}") = "Leo.Core.Api.Interfaces", "Leo.Core\Leo.Core.Api.Interfaces\Leo.Core.Api.Interfaces.csproj", "{CC7032C7-77AD-4050-B86F-1E69BC7F5C53}"
EndProject
Project("{FAE04EC0-301F-11D3-BF4B-00C04F79EFBC}") = "Leo.Core.Dates", "Leo.Core\Leo.Core.Dates\Leo.Core.Dates.csproj", "{865D43B2-6DD5-48A2-8D51-CD8F4CD0B694}"
EndProject
Project("{FAE04EC0-301F-11D3-BF4B-00C04F79EFBC}") = "Leo.Core.Id", "Leo.Core\Leo.Core.Id\Leo.Core.Id.csproj", "{591C5CBD-58E4-4337-B67C-DF97F5127B25}"
EndProject
Project("{FAE04EC0-301F-11D3-BF4B-00C04F79EFBC}") = "Leo.Core.Id.Bson", "Leo.Core\Leo.Core.Id.Bson\Leo.Core.Id.Bson.csproj", "{914F0D8F-9946-4AA7-B329-5F2CB33FF6B7}"
EndProject
Project("{FAE04EC0-301F-11D3-BF4B-00C04F79EFBC}") = "Leo.Core.Orleans", "Leo.Core\Leo.Core.Orleans\Leo.Core.Orleans.csproj", "{03B1FF2C-7979-446B-885B-9C7059532FD5}"
EndProject
Project("{FAE04EC0-301F-11D3-BF4B-00C04F79EFBC}") = "Leo.Core.Orleans.Azure", "Leo.Core\Leo.Core.Orleans.Azure\Leo.Core.Orleans.Azure.csproj", "{A2929357-5532-4EEC-AA41-8C5B4EC4F720}"
EndProject
Project("{FAE04EC0-301F-11D3-BF4B-00C04F79EFBC}") = "Leo.Core.Orleans.Providers.EventHub", "Leo.Core\Leo.Core.Orleans.Providers.EventHub\Leo.Core.Orleans.Providers.EventHub.csproj", "{B66103B0-B9A7-4847-BC8E-FF544103A82F}"
EndProject
Project("{FAE04EC0-301F-11D3-BF4B-00C04F79EFBC}") = "Leo.Core.Orleans.Providers.Mongo", "Leo.Core\Leo.Core.Orleans.Providers.Mongo\Leo.Core.Orleans.Providers.Mongo.csproj", "{96138072-C5E5-40C7-B8F9-E6FA64414E72}"
EndProject
Project("{FAE04EC0-301F-11D3-BF4B-00C04F79EFBC}") = "Leo.Core.Orleans.Providers.Redis", "Leo.Core\Leo.Core.Orleans.Providers.Redis\Leo.Core.Orleans.Providers.Redis.csproj", "{F128DFAE-5B1D-4E87-A01C-14F5013C697B}"
EndProject
Project("{FAE04EC0-301F-11D3-BF4B-00C04F79EFBC}") = "Leo.Core.Orleans.ServiceFabric", "Leo.Core\Leo.Core.Orleans.ServiceFabric\Leo.Core.Orleans.ServiceFabric.csproj", "{51B71424-C650-4B62-A3B2-024F21B5AD5D}"
EndProject
Project("{FAE04EC0-301F-11D3-BF4B-00C04F79EFBC}") = "Leo.Core.Owin", "Leo.Core\Leo.Core.Owin\Leo.Core.Owin.csproj", "{FD9E50F6-4BE6-42AC-8056-252B331B84E6}"
EndProject
Project("{FAE04EC0-301F-11D3-BF4B-00C04F79EFBC}") = "Leo.Core.Owin.Cors", "Leo.Core\Leo.Core.Owin.Cors\Leo.Core.Owin.Cors.csproj", "{10A5DB7B-C338-4A34-A1C1-A484E00F13DD}"
EndProject
Project("{FAE04EC0-301F-11D3-BF4B-00C04F79EFBC}") = "Leo.Core.Owin.OAuth.Google", "Leo.Core\Leo.Core.Owin.OAuth.Google\Leo.Core.Owin.OAuth.Google.csproj", "{AF406165-90C6-4CF2-B452-4EBEEFA99B91}"
EndProject
Project("{FAE04EC0-301F-11D3-BF4B-00C04F79EFBC}") = "Leo.Core.Owin.Security.Google", "Leo.Core\Leo.Core.Owin.Security.Google\Leo.Core.Owin.Security.Google.csproj", "{215BC362-121D-41F8-BCDC-1D1848B38C3C}"
EndProject
Project("{FAE04EC0-301F-11D3-BF4B-00C04F79EFBC}") = "Leo.Core.Owin.ServiceFabric", "Leo.Core\Leo.Core.Owin.ServiceFabric\Leo.Core.Owin.ServiceFabric.csproj", "{D48C1AB0-FAAD-4A4D-80C1-90D818BBCF57}"
EndProject
Project("{FAE04EC0-301F-11D3-BF4B-00C04F79EFBC}") = "Leo.Core.Owin.SignalR", "Leo.Core\Leo.Core.Owin.SignalR\Leo.Core.Owin.SignalR.csproj", "{AC43AC2D-0E01-4EA7-A370-61ABC7E087C0}"
EndProject
Project("{FAE04EC0-301F-11D3-BF4B-00C04F79EFBC}") = "Leo.Core.Owin.WebApi", "Leo.Core\Leo.Core.Owin.WebApi\Leo.Core.Owin.WebApi.csproj", "{5DDE593B-3FE9-421C-9F8E-8AC4D4ABB1CB}"
EndProject
Project("{FAE04EC0-301F-11D3-BF4B-00C04F79EFBC}") = "Leo.Core.Security", "Leo.Core\Leo.Core.Security\Leo.Core.Security.csproj", "{C8E1E7A4-9CAE-49F5-A325-F8DEA3114311}"
EndProject
Project("{FAE04EC0-301F-11D3-BF4B-00C04F79EFBC}") = "Leo.Core.Security.Owin", "Leo.Core\Leo.Core.Security.Owin\Leo.Core.Security.Owin.csproj", "{1E6BB2CC-B282-497C-9970-8648FBDE309E}"
EndProject
Project("{FAE04EC0-301F-11D3-BF4B-00C04F79EFBC}") = "Leo.Core.Security.SignalR", "Leo.Core\Leo.Core.Security.SignalR\Leo.Core.Security.SignalR.csproj", "{C0E173F8-AAFC-480B-B8B8-B8D1E567BFA2}"
EndProject
Project("{FAE04EC0-301F-11D3-BF4B-00C04F79EFBC}") = "Leo.Core.Security.WebApi", "Leo.Core\Leo.Core.Security.WebApi\Leo.Core.Security.WebApi.csproj", "{91BC4350-E957-4C75-A866-2CDEFBCF4411}"
EndProject
Project("{FAE04EC0-301F-11D3-BF4B-00C04F79EFBC}") = "Leo.Core.Settings", "Leo.Core\Leo.Core.Settings\Leo.Core.Settings.csproj", "{BB07EE51-D6B7-4DFF-9425-468E7ED79677}"
EndProject
Project("{FAE04EC0-301F-11D3-BF4B-00C04F79EFBC}") = "Leo.Core.Settings.ServiceFabric", "Leo.Core\Leo.Core.Settings.ServiceFabric\Leo.Core.Settings.ServiceFabric.csproj", "{1BAE542D-DFDF-4B0F-945B-DD774998DFC6}"
EndProject
Project("{FAE04EC0-301F-11D3-BF4B-00C04F79EFBC}") = "Leo.Actors.Interfaces", "Leo.Actors.Interfaces\Leo.Actors.Interfaces.csproj", "{814049CB-EDA8-458A-B8AE-D6B20DC641A9}"
EndProject
Project("{FAE04EC0-301F-11D3-BF4B-00C04F79EFBC}") = "Leo.Hubs", "Leo.Hubs\Leo.Hubs.csproj", "{54E8171D-D210-4D5E-B9DD-147975F68089}"
EndProject
Project("{FAE04EC0-301F-11D3-BF4B-00C04F79EFBC}") = "Leo.Core.Ninject", "Leo.Core.Ninject\Leo.Core.Ninject.csproj", "{5DC5F9A8-6F7A-4181-8A2E-5B34C462BA6B}"
EndProject
Project("{FAE04EC0-301F-11D3-BF4B-00C04F79EFBC}") = "Leo.Core.Orleans.EventSourcing", "Leo.Core.Orleans.EventSourcing\Leo.Core.Orleans.EventSourcing.csproj", "{384205D8-1F0D-4701-98FA-8E7B147602B3}"
EndProject
Project("{2150E333-8FDC-42A3-9474-1A3956D46DE8}") = "Leo.Vendors", "Leo.Vendors", "{70D55CB9-E337-491F-B6C0-1F716047FFA0}"
EndProject
Project("{FAE04EC0-301F-11D3-BF4B-00C04F79EFBC}") = "Leo.Vendors.Plaid.Client", "Leo.Vendors.Plaid.Client\Leo.Vendors.Plaid.Client.csproj", "{F116D73D-59CE-4650-AEA4-8DC09D9E1A42}"
EndProject
Project("{FAE04EC0-301F-11D3-BF4B-00C04F79EFBC}") = "Leo.Core.Flurl", "Leo.Core.Flurl\Leo.Core.Flurl.csproj", "{BD3A366C-7BD4-4492-96B3-870A6A2675E9}"
EndProject
Global
	GlobalSection(SolutionConfigurationPlatforms) = preSolution
		Debug|Any CPU = Debug|Any CPU
		Debug|x64 = Debug|x64
		Release|Any CPU = Release|Any CPU
		Release|x64 = Release|x64
	EndGlobalSection
	GlobalSection(ProjectConfigurationPlatforms) = postSolution
		{3B1C294E-6A9F-4018-97CC-1999AB2ABBEF}.Debug|Any CPU.ActiveCfg = Debug|x64
		{3B1C294E-6A9F-4018-97CC-1999AB2ABBEF}.Debug|x64.ActiveCfg = Debug|x64
		{3B1C294E-6A9F-4018-97CC-1999AB2ABBEF}.Debug|x64.Build.0 = Debug|x64
		{3B1C294E-6A9F-4018-97CC-1999AB2ABBEF}.Debug|x64.Deploy.0 = Debug|x64
		{3B1C294E-6A9F-4018-97CC-1999AB2ABBEF}.Release|Any CPU.ActiveCfg = Release|x64
		{3B1C294E-6A9F-4018-97CC-1999AB2ABBEF}.Release|x64.ActiveCfg = Release|x64
		{3B1C294E-6A9F-4018-97CC-1999AB2ABBEF}.Release|x64.Build.0 = Release|x64
		{3B1C294E-6A9F-4018-97CC-1999AB2ABBEF}.Release|x64.Deploy.0 = Release|x64
		{F407D914-7C9D-40C8-9800-3AB2A27AA0CA}.Debug|Any CPU.ActiveCfg = Debug|x64
		{F407D914-7C9D-40C8-9800-3AB2A27AA0CA}.Debug|x64.ActiveCfg = Debug|x64
		{F407D914-7C9D-40C8-9800-3AB2A27AA0CA}.Debug|x64.Build.0 = Debug|x64
		{F407D914-7C9D-40C8-9800-3AB2A27AA0CA}.Release|Any CPU.ActiveCfg = Release|x64
		{F407D914-7C9D-40C8-9800-3AB2A27AA0CA}.Release|x64.ActiveCfg = Release|x64
		{F407D914-7C9D-40C8-9800-3AB2A27AA0CA}.Release|x64.Build.0 = Release|x64
		{9F08D58A-FEB2-44E9-9FBF-8AD02B06FE5A}.Debug|Any CPU.ActiveCfg = Debug|x64
		{9F08D58A-FEB2-44E9-9FBF-8AD02B06FE5A}.Debug|x64.ActiveCfg = Debug|x64
		{9F08D58A-FEB2-44E9-9FBF-8AD02B06FE5A}.Debug|x64.Build.0 = Debug|x64
		{9F08D58A-FEB2-44E9-9FBF-8AD02B06FE5A}.Release|Any CPU.ActiveCfg = Release|x64
		{9F08D58A-FEB2-44E9-9FBF-8AD02B06FE5A}.Release|x64.ActiveCfg = Release|x64
		{9F08D58A-FEB2-44E9-9FBF-8AD02B06FE5A}.Release|x64.Build.0 = Release|x64
		{5FC19B31-C84C-4279-9A06-7AD0E5E76CC6}.Debug|Any CPU.ActiveCfg = Debug|Any CPU
		{5FC19B31-C84C-4279-9A06-7AD0E5E76CC6}.Debug|Any CPU.Build.0 = Debug|Any CPU
		{5FC19B31-C84C-4279-9A06-7AD0E5E76CC6}.Debug|x64.ActiveCfg = Debug|x64
		{5FC19B31-C84C-4279-9A06-7AD0E5E76CC6}.Debug|x64.Build.0 = Debug|x64
		{5FC19B31-C84C-4279-9A06-7AD0E5E76CC6}.Release|Any CPU.ActiveCfg = Release|Any CPU
		{5FC19B31-C84C-4279-9A06-7AD0E5E76CC6}.Release|Any CPU.Build.0 = Release|Any CPU
		{5FC19B31-C84C-4279-9A06-7AD0E5E76CC6}.Release|x64.ActiveCfg = Release|x64
		{5FC19B31-C84C-4279-9A06-7AD0E5E76CC6}.Release|x64.Build.0 = Release|x64
		{CC7032C7-77AD-4050-B86F-1E69BC7F5C53}.Debug|Any CPU.ActiveCfg = Debug|Any CPU
		{CC7032C7-77AD-4050-B86F-1E69BC7F5C53}.Debug|Any CPU.Build.0 = Debug|Any CPU
		{CC7032C7-77AD-4050-B86F-1E69BC7F5C53}.Debug|x64.ActiveCfg = Debug|x64
		{CC7032C7-77AD-4050-B86F-1E69BC7F5C53}.Debug|x64.Build.0 = Debug|x64
		{CC7032C7-77AD-4050-B86F-1E69BC7F5C53}.Release|Any CPU.ActiveCfg = Release|Any CPU
		{CC7032C7-77AD-4050-B86F-1E69BC7F5C53}.Release|Any CPU.Build.0 = Release|Any CPU
		{CC7032C7-77AD-4050-B86F-1E69BC7F5C53}.Release|x64.ActiveCfg = Release|x64
		{CC7032C7-77AD-4050-B86F-1E69BC7F5C53}.Release|x64.Build.0 = Release|x64
		{865D43B2-6DD5-48A2-8D51-CD8F4CD0B694}.Debug|Any CPU.ActiveCfg = Debug|Any CPU
		{865D43B2-6DD5-48A2-8D51-CD8F4CD0B694}.Debug|Any CPU.Build.0 = Debug|Any CPU
		{865D43B2-6DD5-48A2-8D51-CD8F4CD0B694}.Debug|x64.ActiveCfg = Debug|x64
		{865D43B2-6DD5-48A2-8D51-CD8F4CD0B694}.Debug|x64.Build.0 = Debug|x64
		{865D43B2-6DD5-48A2-8D51-CD8F4CD0B694}.Release|Any CPU.ActiveCfg = Release|Any CPU
		{865D43B2-6DD5-48A2-8D51-CD8F4CD0B694}.Release|Any CPU.Build.0 = Release|Any CPU
		{865D43B2-6DD5-48A2-8D51-CD8F4CD0B694}.Release|x64.ActiveCfg = Release|x64
		{865D43B2-6DD5-48A2-8D51-CD8F4CD0B694}.Release|x64.Build.0 = Release|x64
		{591C5CBD-58E4-4337-B67C-DF97F5127B25}.Debug|Any CPU.ActiveCfg = Debug|Any CPU
		{591C5CBD-58E4-4337-B67C-DF97F5127B25}.Debug|Any CPU.Build.0 = Debug|Any CPU
		{591C5CBD-58E4-4337-B67C-DF97F5127B25}.Debug|x64.ActiveCfg = Debug|x64
		{591C5CBD-58E4-4337-B67C-DF97F5127B25}.Debug|x64.Build.0 = Debug|x64
		{591C5CBD-58E4-4337-B67C-DF97F5127B25}.Release|Any CPU.ActiveCfg = Release|Any CPU
		{591C5CBD-58E4-4337-B67C-DF97F5127B25}.Release|Any CPU.Build.0 = Release|Any CPU
		{591C5CBD-58E4-4337-B67C-DF97F5127B25}.Release|x64.ActiveCfg = Release|x64
		{591C5CBD-58E4-4337-B67C-DF97F5127B25}.Release|x64.Build.0 = Release|x64
		{914F0D8F-9946-4AA7-B329-5F2CB33FF6B7}.Debug|Any CPU.ActiveCfg = Debug|Any CPU
		{914F0D8F-9946-4AA7-B329-5F2CB33FF6B7}.Debug|Any CPU.Build.0 = Debug|Any CPU
		{914F0D8F-9946-4AA7-B329-5F2CB33FF6B7}.Debug|x64.ActiveCfg = Debug|x64
		{914F0D8F-9946-4AA7-B329-5F2CB33FF6B7}.Debug|x64.Build.0 = Debug|x64
		{914F0D8F-9946-4AA7-B329-5F2CB33FF6B7}.Release|Any CPU.ActiveCfg = Release|Any CPU
		{914F0D8F-9946-4AA7-B329-5F2CB33FF6B7}.Release|Any CPU.Build.0 = Release|Any CPU
		{914F0D8F-9946-4AA7-B329-5F2CB33FF6B7}.Release|x64.ActiveCfg = Release|x64
		{914F0D8F-9946-4AA7-B329-5F2CB33FF6B7}.Release|x64.Build.0 = Release|x64
		{03B1FF2C-7979-446B-885B-9C7059532FD5}.Debug|Any CPU.ActiveCfg = Debug|Any CPU
		{03B1FF2C-7979-446B-885B-9C7059532FD5}.Debug|Any CPU.Build.0 = Debug|Any CPU
		{03B1FF2C-7979-446B-885B-9C7059532FD5}.Debug|x64.ActiveCfg = Debug|x64
		{03B1FF2C-7979-446B-885B-9C7059532FD5}.Debug|x64.Build.0 = Debug|x64
		{03B1FF2C-7979-446B-885B-9C7059532FD5}.Release|Any CPU.ActiveCfg = Release|Any CPU
		{03B1FF2C-7979-446B-885B-9C7059532FD5}.Release|Any CPU.Build.0 = Release|Any CPU
		{03B1FF2C-7979-446B-885B-9C7059532FD5}.Release|x64.ActiveCfg = Release|x64
		{03B1FF2C-7979-446B-885B-9C7059532FD5}.Release|x64.Build.0 = Release|x64
		{A2929357-5532-4EEC-AA41-8C5B4EC4F720}.Debug|Any CPU.ActiveCfg = Debug|Any CPU
		{A2929357-5532-4EEC-AA41-8C5B4EC4F720}.Debug|Any CPU.Build.0 = Debug|Any CPU
		{A2929357-5532-4EEC-AA41-8C5B4EC4F720}.Debug|x64.ActiveCfg = Debug|Any CPU
		{A2929357-5532-4EEC-AA41-8C5B4EC4F720}.Debug|x64.Build.0 = Debug|Any CPU
		{A2929357-5532-4EEC-AA41-8C5B4EC4F720}.Release|Any CPU.ActiveCfg = Release|Any CPU
		{A2929357-5532-4EEC-AA41-8C5B4EC4F720}.Release|Any CPU.Build.0 = Release|Any CPU
		{A2929357-5532-4EEC-AA41-8C5B4EC4F720}.Release|x64.ActiveCfg = Release|Any CPU
		{A2929357-5532-4EEC-AA41-8C5B4EC4F720}.Release|x64.Build.0 = Release|Any CPU
		{B66103B0-B9A7-4847-BC8E-FF544103A82F}.Debug|Any CPU.ActiveCfg = Debug|Any CPU
		{B66103B0-B9A7-4847-BC8E-FF544103A82F}.Debug|Any CPU.Build.0 = Debug|Any CPU
		{B66103B0-B9A7-4847-BC8E-FF544103A82F}.Debug|x64.ActiveCfg = Debug|Any CPU
		{B66103B0-B9A7-4847-BC8E-FF544103A82F}.Debug|x64.Build.0 = Debug|Any CPU
		{B66103B0-B9A7-4847-BC8E-FF544103A82F}.Release|Any CPU.ActiveCfg = Release|Any CPU
		{B66103B0-B9A7-4847-BC8E-FF544103A82F}.Release|Any CPU.Build.0 = Release|Any CPU
		{B66103B0-B9A7-4847-BC8E-FF544103A82F}.Release|x64.ActiveCfg = Release|Any CPU
		{B66103B0-B9A7-4847-BC8E-FF544103A82F}.Release|x64.Build.0 = Release|Any CPU
		{96138072-C5E5-40C7-B8F9-E6FA64414E72}.Debug|Any CPU.ActiveCfg = Debug|Any CPU
		{96138072-C5E5-40C7-B8F9-E6FA64414E72}.Debug|Any CPU.Build.0 = Debug|Any CPU
		{96138072-C5E5-40C7-B8F9-E6FA64414E72}.Debug|x64.ActiveCfg = Debug|Any CPU
		{96138072-C5E5-40C7-B8F9-E6FA64414E72}.Debug|x64.Build.0 = Debug|Any CPU
		{96138072-C5E5-40C7-B8F9-E6FA64414E72}.Release|Any CPU.ActiveCfg = Release|Any CPU
		{96138072-C5E5-40C7-B8F9-E6FA64414E72}.Release|Any CPU.Build.0 = Release|Any CPU
		{96138072-C5E5-40C7-B8F9-E6FA64414E72}.Release|x64.ActiveCfg = Release|Any CPU
		{96138072-C5E5-40C7-B8F9-E6FA64414E72}.Release|x64.Build.0 = Release|Any CPU
		{F128DFAE-5B1D-4E87-A01C-14F5013C697B}.Debug|Any CPU.ActiveCfg = Debug|Any CPU
		{F128DFAE-5B1D-4E87-A01C-14F5013C697B}.Debug|Any CPU.Build.0 = Debug|Any CPU
		{F128DFAE-5B1D-4E87-A01C-14F5013C697B}.Debug|x64.ActiveCfg = Debug|Any CPU
		{F128DFAE-5B1D-4E87-A01C-14F5013C697B}.Debug|x64.Build.0 = Debug|Any CPU
		{F128DFAE-5B1D-4E87-A01C-14F5013C697B}.Release|Any CPU.ActiveCfg = Release|Any CPU
		{F128DFAE-5B1D-4E87-A01C-14F5013C697B}.Release|Any CPU.Build.0 = Release|Any CPU
		{F128DFAE-5B1D-4E87-A01C-14F5013C697B}.Release|x64.ActiveCfg = Release|Any CPU
		{F128DFAE-5B1D-4E87-A01C-14F5013C697B}.Release|x64.Build.0 = Release|Any CPU
		{51B71424-C650-4B62-A3B2-024F21B5AD5D}.Debug|Any CPU.ActiveCfg = Debug|Any CPU
		{51B71424-C650-4B62-A3B2-024F21B5AD5D}.Debug|Any CPU.Build.0 = Debug|Any CPU
		{51B71424-C650-4B62-A3B2-024F21B5AD5D}.Debug|x64.ActiveCfg = Debug|x64
		{51B71424-C650-4B62-A3B2-024F21B5AD5D}.Debug|x64.Build.0 = Debug|x64
		{51B71424-C650-4B62-A3B2-024F21B5AD5D}.Release|Any CPU.ActiveCfg = Release|Any CPU
		{51B71424-C650-4B62-A3B2-024F21B5AD5D}.Release|Any CPU.Build.0 = Release|Any CPU
		{51B71424-C650-4B62-A3B2-024F21B5AD5D}.Release|x64.ActiveCfg = Release|x64
		{51B71424-C650-4B62-A3B2-024F21B5AD5D}.Release|x64.Build.0 = Release|x64
		{FD9E50F6-4BE6-42AC-8056-252B331B84E6}.Debug|Any CPU.ActiveCfg = Debug|Any CPU
		{FD9E50F6-4BE6-42AC-8056-252B331B84E6}.Debug|Any CPU.Build.0 = Debug|Any CPU
		{FD9E50F6-4BE6-42AC-8056-252B331B84E6}.Debug|x64.ActiveCfg = Debug|x64
		{FD9E50F6-4BE6-42AC-8056-252B331B84E6}.Debug|x64.Build.0 = Debug|x64
		{FD9E50F6-4BE6-42AC-8056-252B331B84E6}.Release|Any CPU.ActiveCfg = Release|Any CPU
		{FD9E50F6-4BE6-42AC-8056-252B331B84E6}.Release|Any CPU.Build.0 = Release|Any CPU
		{FD9E50F6-4BE6-42AC-8056-252B331B84E6}.Release|x64.ActiveCfg = Release|x64
		{FD9E50F6-4BE6-42AC-8056-252B331B84E6}.Release|x64.Build.0 = Release|x64
		{10A5DB7B-C338-4A34-A1C1-A484E00F13DD}.Debug|Any CPU.ActiveCfg = Debug|Any CPU
		{10A5DB7B-C338-4A34-A1C1-A484E00F13DD}.Debug|Any CPU.Build.0 = Debug|Any CPU
		{10A5DB7B-C338-4A34-A1C1-A484E00F13DD}.Debug|x64.ActiveCfg = Debug|x64
		{10A5DB7B-C338-4A34-A1C1-A484E00F13DD}.Debug|x64.Build.0 = Debug|x64
		{10A5DB7B-C338-4A34-A1C1-A484E00F13DD}.Release|Any CPU.ActiveCfg = Release|Any CPU
		{10A5DB7B-C338-4A34-A1C1-A484E00F13DD}.Release|Any CPU.Build.0 = Release|Any CPU
		{10A5DB7B-C338-4A34-A1C1-A484E00F13DD}.Release|x64.ActiveCfg = Release|x64
		{10A5DB7B-C338-4A34-A1C1-A484E00F13DD}.Release|x64.Build.0 = Release|x64
		{AF406165-90C6-4CF2-B452-4EBEEFA99B91}.Debug|Any CPU.ActiveCfg = Debug|Any CPU
		{AF406165-90C6-4CF2-B452-4EBEEFA99B91}.Debug|Any CPU.Build.0 = Debug|Any CPU
		{AF406165-90C6-4CF2-B452-4EBEEFA99B91}.Debug|x64.ActiveCfg = Debug|x64
		{AF406165-90C6-4CF2-B452-4EBEEFA99B91}.Debug|x64.Build.0 = Debug|x64
		{AF406165-90C6-4CF2-B452-4EBEEFA99B91}.Release|Any CPU.ActiveCfg = Release|Any CPU
		{AF406165-90C6-4CF2-B452-4EBEEFA99B91}.Release|Any CPU.Build.0 = Release|Any CPU
		{AF406165-90C6-4CF2-B452-4EBEEFA99B91}.Release|x64.ActiveCfg = Release|x64
		{AF406165-90C6-4CF2-B452-4EBEEFA99B91}.Release|x64.Build.0 = Release|x64
		{215BC362-121D-41F8-BCDC-1D1848B38C3C}.Debug|Any CPU.ActiveCfg = Debug|Any CPU
		{215BC362-121D-41F8-BCDC-1D1848B38C3C}.Debug|Any CPU.Build.0 = Debug|Any CPU
		{215BC362-121D-41F8-BCDC-1D1848B38C3C}.Debug|x64.ActiveCfg = Debug|Any CPU
		{215BC362-121D-41F8-BCDC-1D1848B38C3C}.Debug|x64.Build.0 = Debug|Any CPU
		{215BC362-121D-41F8-BCDC-1D1848B38C3C}.Release|Any CPU.ActiveCfg = Release|Any CPU
		{215BC362-121D-41F8-BCDC-1D1848B38C3C}.Release|Any CPU.Build.0 = Release|Any CPU
		{215BC362-121D-41F8-BCDC-1D1848B38C3C}.Release|x64.ActiveCfg = Release|Any CPU
		{215BC362-121D-41F8-BCDC-1D1848B38C3C}.Release|x64.Build.0 = Release|Any CPU
		{D48C1AB0-FAAD-4A4D-80C1-90D818BBCF57}.Debug|Any CPU.ActiveCfg = Debug|x64
		{D48C1AB0-FAAD-4A4D-80C1-90D818BBCF57}.Debug|x64.ActiveCfg = Debug|x64
		{D48C1AB0-FAAD-4A4D-80C1-90D818BBCF57}.Debug|x64.Build.0 = Debug|x64
		{D48C1AB0-FAAD-4A4D-80C1-90D818BBCF57}.Release|Any CPU.ActiveCfg = Release|x64
		{D48C1AB0-FAAD-4A4D-80C1-90D818BBCF57}.Release|x64.ActiveCfg = Release|x64
		{D48C1AB0-FAAD-4A4D-80C1-90D818BBCF57}.Release|x64.Build.0 = Release|x64
		{AC43AC2D-0E01-4EA7-A370-61ABC7E087C0}.Debug|Any CPU.ActiveCfg = Debug|Any CPU
		{AC43AC2D-0E01-4EA7-A370-61ABC7E087C0}.Debug|Any CPU.Build.0 = Debug|Any CPU
		{AC43AC2D-0E01-4EA7-A370-61ABC7E087C0}.Debug|x64.ActiveCfg = Debug|x64
		{AC43AC2D-0E01-4EA7-A370-61ABC7E087C0}.Debug|x64.Build.0 = Debug|x64
		{AC43AC2D-0E01-4EA7-A370-61ABC7E087C0}.Release|Any CPU.ActiveCfg = Release|Any CPU
		{AC43AC2D-0E01-4EA7-A370-61ABC7E087C0}.Release|Any CPU.Build.0 = Release|Any CPU
		{AC43AC2D-0E01-4EA7-A370-61ABC7E087C0}.Release|x64.ActiveCfg = Release|x64
		{AC43AC2D-0E01-4EA7-A370-61ABC7E087C0}.Release|x64.Build.0 = Release|x64
		{5DDE593B-3FE9-421C-9F8E-8AC4D4ABB1CB}.Debug|Any CPU.ActiveCfg = Debug|Any CPU
		{5DDE593B-3FE9-421C-9F8E-8AC4D4ABB1CB}.Debug|Any CPU.Build.0 = Debug|Any CPU
		{5DDE593B-3FE9-421C-9F8E-8AC4D4ABB1CB}.Debug|x64.ActiveCfg = Debug|x64
		{5DDE593B-3FE9-421C-9F8E-8AC4D4ABB1CB}.Debug|x64.Build.0 = Debug|x64
		{5DDE593B-3FE9-421C-9F8E-8AC4D4ABB1CB}.Release|Any CPU.ActiveCfg = Release|Any CPU
		{5DDE593B-3FE9-421C-9F8E-8AC4D4ABB1CB}.Release|Any CPU.Build.0 = Release|Any CPU
		{5DDE593B-3FE9-421C-9F8E-8AC4D4ABB1CB}.Release|x64.ActiveCfg = Release|x64
		{5DDE593B-3FE9-421C-9F8E-8AC4D4ABB1CB}.Release|x64.Build.0 = Release|x64
		{C8E1E7A4-9CAE-49F5-A325-F8DEA3114311}.Debug|Any CPU.ActiveCfg = Debug|Any CPU
		{C8E1E7A4-9CAE-49F5-A325-F8DEA3114311}.Debug|Any CPU.Build.0 = Debug|Any CPU
		{C8E1E7A4-9CAE-49F5-A325-F8DEA3114311}.Debug|x64.ActiveCfg = Debug|x64
		{C8E1E7A4-9CAE-49F5-A325-F8DEA3114311}.Debug|x64.Build.0 = Debug|x64
		{C8E1E7A4-9CAE-49F5-A325-F8DEA3114311}.Release|Any CPU.ActiveCfg = Release|Any CPU
		{C8E1E7A4-9CAE-49F5-A325-F8DEA3114311}.Release|Any CPU.Build.0 = Release|Any CPU
		{C8E1E7A4-9CAE-49F5-A325-F8DEA3114311}.Release|x64.ActiveCfg = Release|x64
		{C8E1E7A4-9CAE-49F5-A325-F8DEA3114311}.Release|x64.Build.0 = Release|x64
		{1E6BB2CC-B282-497C-9970-8648FBDE309E}.Debug|Any CPU.ActiveCfg = Debug|Any CPU
		{1E6BB2CC-B282-497C-9970-8648FBDE309E}.Debug|Any CPU.Build.0 = Debug|Any CPU
		{1E6BB2CC-B282-497C-9970-8648FBDE309E}.Debug|x64.ActiveCfg = Debug|Any CPU
		{1E6BB2CC-B282-497C-9970-8648FBDE309E}.Debug|x64.Build.0 = Debug|Any CPU
		{1E6BB2CC-B282-497C-9970-8648FBDE309E}.Release|Any CPU.ActiveCfg = Release|Any CPU
		{1E6BB2CC-B282-497C-9970-8648FBDE309E}.Release|Any CPU.Build.0 = Release|Any CPU
		{1E6BB2CC-B282-497C-9970-8648FBDE309E}.Release|x64.ActiveCfg = Release|Any CPU
		{1E6BB2CC-B282-497C-9970-8648FBDE309E}.Release|x64.Build.0 = Release|Any CPU
		{C0E173F8-AAFC-480B-B8B8-B8D1E567BFA2}.Debug|Any CPU.ActiveCfg = Debug|Any CPU
		{C0E173F8-AAFC-480B-B8B8-B8D1E567BFA2}.Debug|Any CPU.Build.0 = Debug|Any CPU
		{C0E173F8-AAFC-480B-B8B8-B8D1E567BFA2}.Debug|x64.ActiveCfg = Debug|x64
		{C0E173F8-AAFC-480B-B8B8-B8D1E567BFA2}.Debug|x64.Build.0 = Debug|x64
		{C0E173F8-AAFC-480B-B8B8-B8D1E567BFA2}.Release|Any CPU.ActiveCfg = Release|Any CPU
		{C0E173F8-AAFC-480B-B8B8-B8D1E567BFA2}.Release|Any CPU.Build.0 = Release|Any CPU
		{C0E173F8-AAFC-480B-B8B8-B8D1E567BFA2}.Release|x64.ActiveCfg = Release|x64
		{C0E173F8-AAFC-480B-B8B8-B8D1E567BFA2}.Release|x64.Build.0 = Release|x64
		{91BC4350-E957-4C75-A866-2CDEFBCF4411}.Debug|Any CPU.ActiveCfg = Debug|Any CPU
		{91BC4350-E957-4C75-A866-2CDEFBCF4411}.Debug|Any CPU.Build.0 = Debug|Any CPU
		{91BC4350-E957-4C75-A866-2CDEFBCF4411}.Debug|x64.ActiveCfg = Debug|x64
		{91BC4350-E957-4C75-A866-2CDEFBCF4411}.Debug|x64.Build.0 = Debug|x64
		{91BC4350-E957-4C75-A866-2CDEFBCF4411}.Release|Any CPU.ActiveCfg = Release|Any CPU
		{91BC4350-E957-4C75-A866-2CDEFBCF4411}.Release|Any CPU.Build.0 = Release|Any CPU
		{91BC4350-E957-4C75-A866-2CDEFBCF4411}.Release|x64.ActiveCfg = Release|x64
		{91BC4350-E957-4C75-A866-2CDEFBCF4411}.Release|x64.Build.0 = Release|x64
		{BB07EE51-D6B7-4DFF-9425-468E7ED79677}.Debug|Any CPU.ActiveCfg = Debug|Any CPU
		{BB07EE51-D6B7-4DFF-9425-468E7ED79677}.Debug|Any CPU.Build.0 = Debug|Any CPU
		{BB07EE51-D6B7-4DFF-9425-468E7ED79677}.Debug|x64.ActiveCfg = Debug|x64
		{BB07EE51-D6B7-4DFF-9425-468E7ED79677}.Debug|x64.Build.0 = Debug|x64
		{BB07EE51-D6B7-4DFF-9425-468E7ED79677}.Release|Any CPU.ActiveCfg = Release|Any CPU
		{BB07EE51-D6B7-4DFF-9425-468E7ED79677}.Release|Any CPU.Build.0 = Release|Any CPU
		{BB07EE51-D6B7-4DFF-9425-468E7ED79677}.Release|x64.ActiveCfg = Release|x64
		{BB07EE51-D6B7-4DFF-9425-468E7ED79677}.Release|x64.Build.0 = Release|x64
		{1BAE542D-DFDF-4B0F-945B-DD774998DFC6}.Debug|Any CPU.ActiveCfg = Debug|x64
		{1BAE542D-DFDF-4B0F-945B-DD774998DFC6}.Debug|x64.ActiveCfg = Debug|x64
		{1BAE542D-DFDF-4B0F-945B-DD774998DFC6}.Debug|x64.Build.0 = Debug|x64
		{1BAE542D-DFDF-4B0F-945B-DD774998DFC6}.Release|Any CPU.ActiveCfg = Release|x64
		{1BAE542D-DFDF-4B0F-945B-DD774998DFC6}.Release|x64.ActiveCfg = Release|x64
		{1BAE542D-DFDF-4B0F-945B-DD774998DFC6}.Release|x64.Build.0 = Release|x64
		{814049CB-EDA8-458A-B8AE-D6B20DC641A9}.Debug|Any CPU.ActiveCfg = Debug|Any CPU
		{814049CB-EDA8-458A-B8AE-D6B20DC641A9}.Debug|Any CPU.Build.0 = Debug|Any CPU
		{814049CB-EDA8-458A-B8AE-D6B20DC641A9}.Debug|x64.ActiveCfg = Debug|Any CPU
		{814049CB-EDA8-458A-B8AE-D6B20DC641A9}.Debug|x64.Build.0 = Debug|Any CPU
		{814049CB-EDA8-458A-B8AE-D6B20DC641A9}.Release|Any CPU.ActiveCfg = Release|Any CPU
		{814049CB-EDA8-458A-B8AE-D6B20DC641A9}.Release|Any CPU.Build.0 = Release|Any CPU
		{814049CB-EDA8-458A-B8AE-D6B20DC641A9}.Release|x64.ActiveCfg = Release|Any CPU
		{814049CB-EDA8-458A-B8AE-D6B20DC641A9}.Release|x64.Build.0 = Release|Any CPU
		{54E8171D-D210-4D5E-B9DD-147975F68089}.Debug|Any CPU.ActiveCfg = Debug|x64
		{54E8171D-D210-4D5E-B9DD-147975F68089}.Debug|x64.ActiveCfg = Debug|x64
		{54E8171D-D210-4D5E-B9DD-147975F68089}.Debug|x64.Build.0 = Debug|x64
		{54E8171D-D210-4D5E-B9DD-147975F68089}.Release|Any CPU.ActiveCfg = Release|x64
		{54E8171D-D210-4D5E-B9DD-147975F68089}.Release|x64.ActiveCfg = Release|x64
		{54E8171D-D210-4D5E-B9DD-147975F68089}.Release|x64.Build.0 = Release|x64
		{5DC5F9A8-6F7A-4181-8A2E-5B34C462BA6B}.Debug|Any CPU.ActiveCfg = Debug|Any CPU
		{5DC5F9A8-6F7A-4181-8A2E-5B34C462BA6B}.Debug|Any CPU.Build.0 = Debug|Any CPU
		{5DC5F9A8-6F7A-4181-8A2E-5B34C462BA6B}.Debug|x64.ActiveCfg = Debug|Any CPU
		{5DC5F9A8-6F7A-4181-8A2E-5B34C462BA6B}.Debug|x64.Build.0 = Debug|Any CPU
		{5DC5F9A8-6F7A-4181-8A2E-5B34C462BA6B}.Release|Any CPU.ActiveCfg = Release|Any CPU
		{5DC5F9A8-6F7A-4181-8A2E-5B34C462BA6B}.Release|Any CPU.Build.0 = Release|Any CPU
		{5DC5F9A8-6F7A-4181-8A2E-5B34C462BA6B}.Release|x64.ActiveCfg = Release|Any CPU
		{5DC5F9A8-6F7A-4181-8A2E-5B34C462BA6B}.Release|x64.Build.0 = Release|Any CPU
		{384205D8-1F0D-4701-98FA-8E7B147602B3}.Debug|Any CPU.ActiveCfg = Debug|Any CPU
		{384205D8-1F0D-4701-98FA-8E7B147602B3}.Debug|Any CPU.Build.0 = Debug|Any CPU
		{384205D8-1F0D-4701-98FA-8E7B147602B3}.Debug|x64.ActiveCfg = Debug|Any CPU
		{384205D8-1F0D-4701-98FA-8E7B147602B3}.Debug|x64.Build.0 = Debug|Any CPU
		{384205D8-1F0D-4701-98FA-8E7B147602B3}.Release|Any CPU.ActiveCfg = Release|Any CPU
		{384205D8-1F0D-4701-98FA-8E7B147602B3}.Release|Any CPU.Build.0 = Release|Any CPU
		{384205D8-1F0D-4701-98FA-8E7B147602B3}.Release|x64.ActiveCfg = Release|Any CPU
		{384205D8-1F0D-4701-98FA-8E7B147602B3}.Release|x64.Build.0 = Release|Any CPU
		{F116D73D-59CE-4650-AEA4-8DC09D9E1A42}.Debug|Any CPU.ActiveCfg = Debug|Any CPU
		{F116D73D-59CE-4650-AEA4-8DC09D9E1A42}.Debug|Any CPU.Build.0 = Debug|Any CPU
		{F116D73D-59CE-4650-AEA4-8DC09D9E1A42}.Debug|x64.ActiveCfg = Debug|Any CPU
		{F116D73D-59CE-4650-AEA4-8DC09D9E1A42}.Debug|x64.Build.0 = Debug|Any CPU
		{F116D73D-59CE-4650-AEA4-8DC09D9E1A42}.Release|Any CPU.ActiveCfg = Release|Any CPU
		{F116D73D-59CE-4650-AEA4-8DC09D9E1A42}.Release|Any CPU.Build.0 = Release|Any CPU
		{F116D73D-59CE-4650-AEA4-8DC09D9E1A42}.Release|x64.ActiveCfg = Release|Any CPU
		{F116D73D-59CE-4650-AEA4-8DC09D9E1A42}.Release|x64.Build.0 = Release|Any CPU
		{BD3A366C-7BD4-4492-96B3-870A6A2675E9}.Debug|Any CPU.ActiveCfg = Debug|Any CPU
		{BD3A366C-7BD4-4492-96B3-870A6A2675E9}.Debug|Any CPU.Build.0 = Debug|Any CPU
		{BD3A366C-7BD4-4492-96B3-870A6A2675E9}.Debug|x64.ActiveCfg = Debug|Any CPU
		{BD3A366C-7BD4-4492-96B3-870A6A2675E9}.Debug|x64.Build.0 = Debug|Any CPU
		{BD3A366C-7BD4-4492-96B3-870A6A2675E9}.Release|Any CPU.ActiveCfg = Release|Any CPU
		{BD3A366C-7BD4-4492-96B3-870A6A2675E9}.Release|Any CPU.Build.0 = Release|Any CPU
		{BD3A366C-7BD4-4492-96B3-870A6A2675E9}.Release|x64.ActiveCfg = Release|Any CPU
		{BD3A366C-7BD4-4492-96B3-870A6A2675E9}.Release|x64.Build.0 = Release|Any CPU
	EndGlobalSection
	GlobalSection(SolutionProperties) = preSolution
		HideSolutionNode = FALSE
	EndGlobalSection
	GlobalSection(NestedProjects) = preSolution
		{5FC19B31-C84C-4279-9A06-7AD0E5E76CC6} = {441D1526-0EE5-4014-8898-C92EE5B85CC7}
		{CC7032C7-77AD-4050-B86F-1E69BC7F5C53} = {441D1526-0EE5-4014-8898-C92EE5B85CC7}
		{865D43B2-6DD5-48A2-8D51-CD8F4CD0B694} = {441D1526-0EE5-4014-8898-C92EE5B85CC7}
		{591C5CBD-58E4-4337-B67C-DF97F5127B25} = {441D1526-0EE5-4014-8898-C92EE5B85CC7}
		{914F0D8F-9946-4AA7-B329-5F2CB33FF6B7} = {441D1526-0EE5-4014-8898-C92EE5B85CC7}
		{03B1FF2C-7979-446B-885B-9C7059532FD5} = {441D1526-0EE5-4014-8898-C92EE5B85CC7}
		{A2929357-5532-4EEC-AA41-8C5B4EC4F720} = {441D1526-0EE5-4014-8898-C92EE5B85CC7}
		{B66103B0-B9A7-4847-BC8E-FF544103A82F} = {441D1526-0EE5-4014-8898-C92EE5B85CC7}
		{96138072-C5E5-40C7-B8F9-E6FA64414E72} = {441D1526-0EE5-4014-8898-C92EE5B85CC7}
		{F128DFAE-5B1D-4E87-A01C-14F5013C697B} = {441D1526-0EE5-4014-8898-C92EE5B85CC7}
		{51B71424-C650-4B62-A3B2-024F21B5AD5D} = {441D1526-0EE5-4014-8898-C92EE5B85CC7}
		{FD9E50F6-4BE6-42AC-8056-252B331B84E6} = {441D1526-0EE5-4014-8898-C92EE5B85CC7}
		{10A5DB7B-C338-4A34-A1C1-A484E00F13DD} = {441D1526-0EE5-4014-8898-C92EE5B85CC7}
		{AF406165-90C6-4CF2-B452-4EBEEFA99B91} = {441D1526-0EE5-4014-8898-C92EE5B85CC7}
		{215BC362-121D-41F8-BCDC-1D1848B38C3C} = {441D1526-0EE5-4014-8898-C92EE5B85CC7}
		{D48C1AB0-FAAD-4A4D-80C1-90D818BBCF57} = {441D1526-0EE5-4014-8898-C92EE5B85CC7}
		{AC43AC2D-0E01-4EA7-A370-61ABC7E087C0} = {441D1526-0EE5-4014-8898-C92EE5B85CC7}
		{5DDE593B-3FE9-421C-9F8E-8AC4D4ABB1CB} = {441D1526-0EE5-4014-8898-C92EE5B85CC7}
		{C8E1E7A4-9CAE-49F5-A325-F8DEA3114311} = {441D1526-0EE5-4014-8898-C92EE5B85CC7}
		{1E6BB2CC-B282-497C-9970-8648FBDE309E} = {441D1526-0EE5-4014-8898-C92EE5B85CC7}
		{C0E173F8-AAFC-480B-B8B8-B8D1E567BFA2} = {441D1526-0EE5-4014-8898-C92EE5B85CC7}
		{91BC4350-E957-4C75-A866-2CDEFBCF4411} = {441D1526-0EE5-4014-8898-C92EE5B85CC7}
		{BB07EE51-D6B7-4DFF-9425-468E7ED79677} = {441D1526-0EE5-4014-8898-C92EE5B85CC7}
		{1BAE542D-DFDF-4B0F-945B-DD774998DFC6} = {441D1526-0EE5-4014-8898-C92EE5B85CC7}
		{5DC5F9A8-6F7A-4181-8A2E-5B34C462BA6B} = {441D1526-0EE5-4014-8898-C92EE5B85CC7}
		{384205D8-1F0D-4701-98FA-8E7B147602B3} = {441D1526-0EE5-4014-8898-C92EE5B85CC7}
		{F116D73D-59CE-4650-AEA4-8DC09D9E1A42} = {70D55CB9-E337-491F-B6C0-1F716047FFA0}
		{BD3A366C-7BD4-4492-96B3-870A6A2675E9} = {441D1526-0EE5-4014-8898-C92EE5B85CC7}
	EndGlobalSection
	GlobalSection(ExtensibilityGlobals) = postSolution
		SolutionGuid = {EC805433-E054-412F-B53C-3985E99C4A5B}
	EndGlobalSection
EndGlobal
